
Microsoft Visual Studio Solution File, Format Version 12.00
# Visual Studio 14
VisualStudioVersion = 14.0.25420.1
MinimumVisualStudioVersion = 10.0.40219.1
Project("{FAE04EC0-301F-11D3-BF4B-00C04F79EFBC}") = "RockPaperScissors", "RockPaperScissors\RockPaperScissors.csproj", "{281C1479-26EC-4DE6-B273-D10521470E86}"
EndProject
Project("{FAE04EC0-301F-11D3-BF4B-00C04F79EFBC}") = "RockPaperScissorsTest", "RockPaperScissorsTest\RockPaperScissorsTest.csproj", "{F189FA4C-1708-4F44-9E7F-0FB1CD10216F}"
EndProject
Global
	GlobalSection(SolutionConfigurationPlatforms) = preSolution
		Debug|Any CPU = Debug|Any CPU
		Release|Any CPU = Release|Any CPU
	EndGlobalSection
	GlobalSection(ProjectConfigurationPlatforms) = postSolution
		{281C1479-26EC-4DE6-B273-D10521470E86}.Debug|Any CPU.ActiveCfg = Debug|Any CPU
		{281C1479-26EC-4DE6-B273-D10521470E86}.Debug|Any CPU.Build.0 = Debug|Any CPU
		{281C1479-26EC-4DE6-B273-D10521470E86}.Release|Any CPU.ActiveCfg = Release|Any CPU
		{281C1479-26EC-4DE6-B273-D10521470E86}.Release|Any CPU.Build.0 = Release|Any CPU
		{F189FA4C-1708-4F44-9E7F-0FB1CD10216F}.Debug|Any CPU.ActiveCfg = Debug|Any CPU
		{F189FA4C-1708-4F44-9E7F-0FB1CD10216F}.Debug|Any CPU.Build.0 = Debug|Any CPU
		{F189FA4C-1708-4F44-9E7F-0FB1CD10216F}.Release|Any CPU.ActiveCfg = Release|Any CPU
		{F189FA4C-1708-4F44-9E7F-0FB1CD10216F}.Release|Any CPU.Build.0 = Release|Any CPU
	EndGlobalSection
	GlobalSection(SolutionProperties) = preSolution
		HideSolutionNode = FALSE
	EndGlobalSection
	GlobalSection(ExtensibilityGlobals) = postSolution
		SolutionGuid = {D07A80D5-0BEB-45C7-B988-2852075B3804}
	EndGlobalSection
EndGlobal
